// !$*UTF8*$!
{
	archiveVersion = 1;
	classes = {
	};
	objectVersion = 50;
	objects = {

/* Begin PBXBuildFile section */
		1826FCB42464B2E400C01ED6 /* AppDelegate.swift in Sources */ = {isa = PBXBuildFile; fileRef = 1826FCB32464B2E400C01ED6 /* AppDelegate.swift */; };
		1826FCB62464B2E400C01ED6 /* SceneDelegate.swift in Sources */ = {isa = PBXBuildFile; fileRef = 1826FCB52464B2E400C01ED6 /* SceneDelegate.swift */; };
		1826FCB82464B2E400C01ED6 /* ViewController.swift in Sources */ = {isa = PBXBuildFile; fileRef = 1826FCB72464B2E400C01ED6 /* ViewController.swift */; };
		1826FCBB2464B2E400C01ED6 /* Main.storyboard in Resources */ = {isa = PBXBuildFile; fileRef = 1826FCB92464B2E400C01ED6 /* Main.storyboard */; };
		1826FCBD2464B2E500C01ED6 /* Assets.xcassets in Resources */ = {isa = PBXBuildFile; fileRef = 1826FCBC2464B2E500C01ED6 /* Assets.xcassets */; };
		1826FCC02464B2E500C01ED6 /* LaunchScreen.storyboard in Resources */ = {isa = PBXBuildFile; fileRef = 1826FCBE2464B2E500C01ED6 /* LaunchScreen.storyboard */; };
		1826FCCB2464B2E500C01ED6 /* TercerParcialAlfonsoVillalobosTests.swift in Sources */ = {isa = PBXBuildFile; fileRef = 1826FCCA2464B2E500C01ED6 /* TercerParcialAlfonsoVillalobosTests.swift */; };
		1826FCD62464B2E500C01ED6 /* TercerParcialAlfonsoVillalobosUITests.swift in Sources */ = {isa = PBXBuildFile; fileRef = 1826FCD52464B2E500C01ED6 /* TercerParcialAlfonsoVillalobosUITests.swift */; };
		18ED2715246523F100511521 /* DatosViewController.swift in Sources */ = {isa = PBXBuildFile; fileRef = 18ED2714246523F100511521 /* DatosViewController.swift */; };
		4396B44756BB7571522AAB11 /* libPods-TercerParcialAlfonsoVillalobos-TercerParcialAlfonsoVillalobosUITests.a in Frameworks */ = {isa = PBXBuildFile; fileRef = 24114217B4D0C206618C7BD1 /* libPods-TercerParcialAlfonsoVillalobos-TercerParcialAlfonsoVillalobosUITests.a */; };
		4E005D8DB58EF751AC3634BA /* libPods-TercerParcialAlfonsoVillalobosTests.a in Frameworks */ = {isa = PBXBuildFile; fileRef = EAAB4C9CEA79E42EEEBAC124 /* libPods-TercerParcialAlfonsoVillalobosTests.a */; };
		D38F0C71560A5EA444275B49 /* libPods-TercerParcialAlfonsoVillalobos.a in Frameworks */ = {isa = PBXBuildFile; fileRef = F8F67B5161D5982C1C68B13A /* libPods-TercerParcialAlfonsoVillalobos.a */; };
/* End PBXBuildFile section */

/* Begin PBXContainerItemProxy section */
		1826FCC72464B2E500C01ED6 /* PBXContainerItemProxy */ = {
			isa = PBXContainerItemProxy;
			containerPortal = 1826FCA82464B2E400C01ED6 /* Project object */;
			proxyType = 1;
			remoteGlobalIDString = 1826FCAF2464B2E400C01ED6;
			remoteInfo = TercerParcialAlfonsoVillalobos;
		};
		1826FCD22464B2E500C01ED6 /* PBXContainerItemProxy */ = {
			isa = PBXContainerItemProxy;
			containerPortal = 1826FCA82464B2E400C01ED6 /* Project object */;
			proxyType = 1;
			remoteGlobalIDString = 1826FCAF2464B2E400C01ED6;
			remoteInfo = TercerParcialAlfonsoVillalobos;
		};
/* End PBXContainerItemProxy section */

/* Begin PBXFileReference section */
		153D9320A850F40885B4D493 /* Pods-TercerParcialAlfonsoVillalobos.release.xcconfig */ = {isa = PBXFileReference; includeInIndex = 1; lastKnownFileType = text.xcconfig; name = "Pods-TercerParcialAlfonsoVillalobos.release.xcconfig"; path = "Target Support Files/Pods-TercerParcialAlfonsoVillalobos/Pods-TercerParcialAlfonsoVillalobos.release.xcconfig"; sourceTree = "<group>"; };
		1826FCB02464B2E400C01ED6 /* TercerParcialAlfonsoVillalobos.app */ = {isa = PBXFileReference; explicitFileType = wrapper.application; includeInIndex = 0; path = TercerParcialAlfonsoVillalobos.app; sourceTree = BUILT_PRODUCTS_DIR; };
		1826FCB32464B2E400C01ED6 /* AppDelegate.swift */ = {isa = PBXFileReference; lastKnownFileType = sourcecode.swift; path = AppDelegate.swift; sourceTree = "<group>"; };
		1826FCB52464B2E400C01ED6 /* SceneDelegate.swift */ = {isa = PBXFileReference; lastKnownFileType = sourcecode.swift; path = SceneDelegate.swift; sourceTree = "<group>"; };
		1826FCB72464B2E400C01ED6 /* ViewController.swift */ = {isa = PBXFileReference; lastKnownFileType = sourcecode.swift; path = ViewController.swift; sourceTree = "<group>"; };
		1826FCBA2464B2E400C01ED6 /* Base */ = {isa = PBXFileReference; lastKnownFileType = file.storyboard; name = Base; path = Base.lproj/Main.storyboard; sourceTree = "<group>"; };
		1826FCBC2464B2E500C01ED6 /* Assets.xcassets */ = {isa = PBXFileReference; lastKnownFileType = folder.assetcatalog; path = Assets.xcassets; sourceTree = "<group>"; };
		1826FCBF2464B2E500C01ED6 /* Base */ = {isa = PBXFileReference; lastKnownFileType = file.storyboard; name = Base; path = Base.lproj/LaunchScreen.storyboard; sourceTree = "<group>"; };
		1826FCC12464B2E500C01ED6 /* Info.plist */ = {isa = PBXFileReference; lastKnownFileType = text.plist.xml; path = Info.plist; sourceTree = "<group>"; };
		1826FCC62464B2E500C01ED6 /* TercerParcialAlfonsoVillalobosTests.xctest */ = {isa = PBXFileReference; explicitFileType = wrapper.cfbundle; includeInIndex = 0; path = TercerParcialAlfonsoVillalobosTests.xctest; sourceTree = BUILT_PRODUCTS_DIR; };
		1826FCCA2464B2E500C01ED6 /* TercerParcialAlfonsoVillalobosTests.swift */ = {isa = PBXFileReference; lastKnownFileType = sourcecode.swift; path = TercerParcialAlfonsoVillalobosTests.swift; sourceTree = "<group>"; };
		1826FCCC2464B2E500C01ED6 /* Info.plist */ = {isa = PBXFileReference; lastKnownFileType = text.plist.xml; path = Info.plist; sourceTree = "<group>"; };
		1826FCD12464B2E500C01ED6 /* TercerParcialAlfonsoVillalobosUITests.xctest */ = {isa = PBXFileReference; explicitFileType = wrapper.cfbundle; includeInIndex = 0; path = TercerParcialAlfonsoVillalobosUITests.xctest; sourceTree = BUILT_PRODUCTS_DIR; };
		1826FCD52464B2E500C01ED6 /* TercerParcialAlfonsoVillalobosUITests.swift */ = {isa = PBXFileReference; lastKnownFileType = sourcecode.swift; path = TercerParcialAlfonsoVillalobosUITests.swift; sourceTree = "<group>"; };
		1826FCD72464B2E500C01ED6 /* Info.plist */ = {isa = PBXFileReference; lastKnownFileType = text.plist.xml; path = Info.plist; sourceTree = "<group>"; };
		18ED2714246523F100511521 /* DatosViewController.swift */ = {isa = PBXFileReference; lastKnownFileType = sourcecode.swift; path = DatosViewController.swift; sourceTree = "<group>"; };
		24114217B4D0C206618C7BD1 /* libPods-TercerParcialAlfonsoVillalobos-TercerParcialAlfonsoVillalobosUITests.a */ = {isa = PBXFileReference; explicitFileType = archive.ar; includeInIndex = 0; path = "libPods-TercerParcialAlfonsoVillalobos-TercerParcialAlfonsoVillalobosUITests.a"; sourceTree = BUILT_PRODUCTS_DIR; };
		28440ABCADABC731D1CF0734 /* Pods-TercerParcialAlfonsoVillalobosTests.release.xcconfig */ = {isa = PBXFileReference; includeInIndex = 1; lastKnownFileType = text.xcconfig; name = "Pods-TercerParcialAlfonsoVillalobosTests.release.xcconfig"; path = "Target Support Files/Pods-TercerParcialAlfonsoVillalobosTests/Pods-TercerParcialAlfonsoVillalobosTests.release.xcconfig"; sourceTree = "<group>"; };
		5C6D95D3D2514C192AB1BAD5 /* Pods-TercerParcialAlfonsoVillalobos-TercerParcialAlfonsoVillalobosUITests.release.xcconfig */ = {isa = PBXFileReference; includeInIndex = 1; lastKnownFileType = text.xcconfig; name = "Pods-TercerParcialAlfonsoVillalobos-TercerParcialAlfonsoVillalobosUITests.release.xcconfig"; path = "Target Support Files/Pods-TercerParcialAlfonsoVillalobos-TercerParcialAlfonsoVillalobosUITests/Pods-TercerParcialAlfonsoVillalobos-TercerParcialAlfonsoVillalobosUITests.release.xcconfig"; sourceTree = "<group>"; };
		635D95196CDC6671B9523B29 /* Pods-TercerParcialAlfonsoVillalobos-TercerParcialAlfonsoVillalobosUITests.debug.xcconfig */ = {isa = PBXFileReference; includeInIndex = 1; lastKnownFileType = text.xcconfig; name = "Pods-TercerParcialAlfonsoVillalobos-TercerParcialAlfonsoVillalobosUITests.debug.xcconfig"; path = "Target Support Files/Pods-TercerParcialAlfonsoVillalobos-TercerParcialAlfonsoVillalobosUITests/Pods-TercerParcialAlfonsoVillalobos-TercerParcialAlfonsoVillalobosUITests.debug.xcconfig"; sourceTree = "<group>"; };
		A9CAE44B84FEDED8A489B23A /* Pods-TercerParcialAlfonsoVillalobosTests.debug.xcconfig */ = {isa = PBXFileReference; includeInIndex = 1; lastKnownFileType = text.xcconfig; name = "Pods-TercerParcialAlfonsoVillalobosTests.debug.xcconfig"; path = "Target Support Files/Pods-TercerParcialAlfonsoVillalobosTests/Pods-TercerParcialAlfonsoVillalobosTests.debug.xcconfig"; sourceTree = "<group>"; };
		EAAB4C9CEA79E42EEEBAC124 /* libPods-TercerParcialAlfonsoVillalobosTests.a */ = {isa = PBXFileReference; explicitFileType = archive.ar; includeInIndex = 0; path = "libPods-TercerParcialAlfonsoVillalobosTests.a"; sourceTree = BUILT_PRODUCTS_DIR; };
		F02624545C5106B6CA953103 /* Pods-TercerParcialAlfonsoVillalobos.debug.xcconfig */ = {isa = PBXFileReference; includeInIndex = 1; lastKnownFileType = text.xcconfig; name = "Pods-TercerParcialAlfonsoVillalobos.debug.xcconfig"; path = "Target Support Files/Pods-TercerParcialAlfonsoVillalobos/Pods-TercerParcialAlfonsoVillalobos.debug.xcconfig"; sourceTree = "<group>"; };
		F8F67B5161D5982C1C68B13A /* libPods-TercerParcialAlfonsoVillalobos.a */ = {isa = PBXFileReference; explicitFileType = archive.ar; includeInIndex = 0; path = "libPods-TercerParcialAlfonsoVillalobos.a"; sourceTree = BUILT_PRODUCTS_DIR; };
/* End PBXFileReference section */

/* Begin PBXFrameworksBuildPhase section */
		1826FCAD2464B2E400C01ED6 /* Frameworks */ = {
			isa = PBXFrameworksBuildPhase;
			buildActionMask = 2147483647;
			files = (
				D38F0C71560A5EA444275B49 /* libPods-TercerParcialAlfonsoVillalobos.a in Frameworks */,
			);
			runOnlyForDeploymentPostprocessing = 0;
		};
		1826FCC32464B2E500C01ED6 /* Frameworks */ = {
			isa = PBXFrameworksBuildPhase;
			buildActionMask = 2147483647;
			files = (
				4E005D8DB58EF751AC3634BA /* libPods-TercerParcialAlfonsoVillalobosTests.a in Frameworks */,
			);
			runOnlyForDeploymentPostprocessing = 0;
		};
		1826FCCE2464B2E500C01ED6 /* Frameworks */ = {
			isa = PBXFrameworksBuildPhase;
			buildActionMask = 2147483647;
			files = (
				4396B44756BB7571522AAB11 /* libPods-TercerParcialAlfonsoVillalobos-TercerParcialAlfonsoVillalobosUITests.a in Frameworks */,
			);
			runOnlyForDeploymentPostprocessing = 0;
		};
/* End PBXFrameworksBuildPhase section */

/* Begin PBXGroup section */
		1826FCA72464B2E400C01ED6 = {
			isa = PBXGroup;
			children = (
				1826FCB22464B2E400C01ED6 /* TercerParcialAlfonsoVillalobos */,
				1826FCC92464B2E500C01ED6 /* TercerParcialAlfonsoVillalobosTests */,
				1826FCD42464B2E500C01ED6 /* TercerParcialAlfonsoVillalobosUITests */,
				1826FCB12464B2E400C01ED6 /* Products */,
				79E8F846F2ACA0DB140FFBFA /* Pods */,
				C44B119EEFB92F825C0B501E /* Frameworks */,
			);
			sourceTree = "<group>";
		};
		1826FCB12464B2E400C01ED6 /* Products */ = {
			isa = PBXGroup;
			children = (
				1826FCB02464B2E400C01ED6 /* TercerParcialAlfonsoVillalobos.app */,
				1826FCC62464B2E500C01ED6 /* TercerParcialAlfonsoVillalobosTests.xctest */,
				1826FCD12464B2E500C01ED6 /* TercerParcialAlfonsoVillalobosUITests.xctest */,
			);
			name = Products;
			sourceTree = "<group>";
		};
		1826FCB22464B2E400C01ED6 /* TercerParcialAlfonsoVillalobos */ = {
			isa = PBXGroup;
			children = (
				1826FCB32464B2E400C01ED6 /* AppDelegate.swift */,
				1826FCB52464B2E400C01ED6 /* SceneDelegate.swift */,
				1826FCB72464B2E400C01ED6 /* ViewController.swift */,
				1826FCB92464B2E400C01ED6 /* Main.storyboard */,
				1826FCBC2464B2E500C01ED6 /* Assets.xcassets */,
				1826FCBE2464B2E500C01ED6 /* LaunchScreen.storyboard */,
				1826FCC12464B2E500C01ED6 /* Info.plist */,
				18ED2714246523F100511521 /* DatosViewController.swift */,
			);
			path = TercerParcialAlfonsoVillalobos;
			sourceTree = "<group>";
		};
		1826FCC92464B2E500C01ED6 /* TercerParcialAlfonsoVillalobosTests */ = {
			isa = PBXGroup;
			children = (
				1826FCCA2464B2E500C01ED6 /* TercerParcialAlfonsoVillalobosTests.swift */,
				1826FCCC2464B2E500C01ED6 /* Info.plist */,
			);
			path = TercerParcialAlfonsoVillalobosTests;
			sourceTree = "<group>";
		};
		1826FCD42464B2E500C01ED6 /* TercerParcialAlfonsoVillalobosUITests */ = {
			isa = PBXGroup;
			children = (
				1826FCD52464B2E500C01ED6 /* TercerParcialAlfonsoVillalobosUITests.swift */,
				1826FCD72464B2E500C01ED6 /* Info.plist */,
			);
			path = TercerParcialAlfonsoVillalobosUITests;
			sourceTree = "<group>";
		};
		79E8F846F2ACA0DB140FFBFA /* Pods */ = {
			isa = PBXGroup;
			children = (
				F02624545C5106B6CA953103 /* Pods-TercerParcialAlfonsoVillalobos.debug.xcconfig */,
				153D9320A850F40885B4D493 /* Pods-TercerParcialAlfonsoVillalobos.release.xcconfig */,
				635D95196CDC6671B9523B29 /* Pods-TercerParcialAlfonsoVillalobos-TercerParcialAlfonsoVillalobosUITests.debug.xcconfig */,
				5C6D95D3D2514C192AB1BAD5 /* Pods-TercerParcialAlfonsoVillalobos-TercerParcialAlfonsoVillalobosUITests.release.xcconfig */,
				A9CAE44B84FEDED8A489B23A /* Pods-TercerParcialAlfonsoVillalobosTests.debug.xcconfig */,
				28440ABCADABC731D1CF0734 /* Pods-TercerParcialAlfonsoVillalobosTests.release.xcconfig */,
			);
			path = Pods;
			sourceTree = "<group>";
		};
		C44B119EEFB92F825C0B501E /* Frameworks */ = {
			isa = PBXGroup;
			children = (
				F8F67B5161D5982C1C68B13A /* libPods-TercerParcialAlfonsoVillalobos.a */,
				24114217B4D0C206618C7BD1 /* libPods-TercerParcialAlfonsoVillalobos-TercerParcialAlfonsoVillalobosUITests.a */,
				EAAB4C9CEA79E42EEEBAC124 /* libPods-TercerParcialAlfonsoVillalobosTests.a */,
			);
			name = Frameworks;
			sourceTree = "<group>";
		};
/* End PBXGroup section */

/* Begin PBXNativeTarget section */
		1826FCAF2464B2E400C01ED6 /* TercerParcialAlfonsoVillalobos */ = {
			isa = PBXNativeTarget;
			buildConfigurationList = 1826FCDA2464B2E500C01ED6 /* Build configuration list for PBXNativeTarget "TercerParcialAlfonsoVillalobos" */;
			buildPhases = (
				E9BC181D96F4A256E6426F69 /* [CP] Check Pods Manifest.lock */,
				1826FCAC2464B2E400C01ED6 /* Sources */,
				1826FCAD2464B2E400C01ED6 /* Frameworks */,
				1826FCAE2464B2E400C01ED6 /* Resources */,
			);
			buildRules = (
			);
			dependencies = (
			);
			name = TercerParcialAlfonsoVillalobos;
			productName = TercerParcialAlfonsoVillalobos;
			productReference = 1826FCB02464B2E400C01ED6 /* TercerParcialAlfonsoVillalobos.app */;
			productType = "com.apple.product-type.application";
		};
		1826FCC52464B2E500C01ED6 /* TercerParcialAlfonsoVillalobosTests */ = {
			isa = PBXNativeTarget;
			buildConfigurationList = 1826FCDD2464B2E500C01ED6 /* Build configuration list for PBXNativeTarget "TercerParcialAlfonsoVillalobosTests" */;
			buildPhases = (
				5787D64E05C027DF1BCC5546 /* [CP] Check Pods Manifest.lock */,
				1826FCC22464B2E500C01ED6 /* Sources */,
				1826FCC32464B2E500C01ED6 /* Frameworks */,
				1826FCC42464B2E500C01ED6 /* Resources */,
			);
			buildRules = (
			);
			dependencies = (
				1826FCC82464B2E500C01ED6 /* PBXTargetDependency */,
			);
			name = TercerParcialAlfonsoVillalobosTests;
			productName = TercerParcialAlfonsoVillalobosTests;
			productReference = 1826FCC62464B2E500C01ED6 /* TercerParcialAlfonsoVillalobosTests.xctest */;
			productType = "com.apple.product-type.bundle.unit-test";
		};
		1826FCD02464B2E500C01ED6 /* TercerParcialAlfonsoVillalobosUITests */ = {
			isa = PBXNativeTarget;
			buildConfigurationList = 1826FCE02464B2E500C01ED6 /* Build configuration list for PBXNativeTarget "TercerParcialAlfonsoVillalobosUITests" */;
			buildPhases = (
				9EB8F55353B96D6A8AC59F60 /* [CP] Check Pods Manifest.lock */,
				1826FCCD2464B2E500C01ED6 /* Sources */,
				1826FCCE2464B2E500C01ED6 /* Frameworks */,
				1826FCCF2464B2E500C01ED6 /* Resources */,
			);
			buildRules = (
			);
			dependencies = (
				1826FCD32464B2E500C01ED6 /* PBXTargetDependency */,
			);
			name = TercerParcialAlfonsoVillalobosUITests;
			productName = TercerParcialAlfonsoVillalobosUITests;
			productReference = 1826FCD12464B2E500C01ED6 /* TercerParcialAlfonsoVillalobosUITests.xctest */;
			productType = "com.apple.product-type.bundle.ui-testing";
		};
/* End PBXNativeTarget section */

/* Begin PBXProject section */
		1826FCA82464B2E400C01ED6 /* Project object */ = {
			isa = PBXProject;
			attributes = {
				LastSwiftUpdateCheck = 1140;
				LastUpgradeCheck = 1140;
				ORGANIZATIONNAME = apple;
				TargetAttributes = {
					1826FCAF2464B2E400C01ED6 = {
						CreatedOnToolsVersion = 11.4.1;
					};
					1826FCC52464B2E500C01ED6 = {
						CreatedOnToolsVersion = 11.4.1;
						TestTargetID = 1826FCAF2464B2E400C01ED6;
					};
					1826FCD02464B2E500C01ED6 = {
						CreatedOnToolsVersion = 11.4.1;
						TestTargetID = 1826FCAF2464B2E400C01ED6;
					};
				};
			};
			buildConfigurationList = 1826FCAB2464B2E400C01ED6 /* Build configuration list for PBXProject "TercerParcialAlfonsoVillalobos" */;
			compatibilityVersion = "Xcode 9.3";
			developmentRegion = en;
			hasScannedForEncodings = 0;
			knownRegions = (
				en,
				Base,
			);
			mainGroup = 1826FCA72464B2E400C01ED6;
			productRefGroup = 1826FCB12464B2E400C01ED6 /* Products */;
			projectDirPath = "";
			projectRoot = "";
			targets = (
				1826FCAF2464B2E400C01ED6 /* TercerParcialAlfonsoVillalobos */,
				1826FCC52464B2E500C01ED6 /* TercerParcialAlfonsoVillalobosTests */,
				1826FCD02464B2E500C01ED6 /* TercerParcialAlfonsoVillalobosUITests */,
			);
		};
/* End PBXProject section */

/* Begin PBXResourcesBuildPhase section */
		1826FCAE2464B2E400C01ED6 /* Resources */ = {
			isa = PBXResourcesBuildPhase;
			buildActionMask = 2147483647;
			files = (
				1826FCC02464B2E500C01ED6 /* LaunchScreen.storyboard in Resources */,
				1826FCBD2464B2E500C01ED6 /* Assets.xcassets in Resources */,
				1826FCBB2464B2E400C01ED6 /* Main.storyboard in Resources */,
			);
			runOnlyForDeploymentPostprocessing = 0;
		};
		1826FCC42464B2E500C01ED6 /* Resources */ = {
			isa = PBXResourcesBuildPhase;
			buildActionMask = 2147483647;
			files = (
			);
			runOnlyForDeploymentPostprocessing = 0;
		};
		1826FCCF2464B2E500C01ED6 /* Resources */ = {
			isa = PBXResourcesBuildPhase;
			buildActionMask = 2147483647;
			files = (
			);
			runOnlyForDeploymentPostprocessing = 0;
		};
/* End PBXResourcesBuildPhase section */

/* Begin PBXShellScriptBuildPhase section */
		5787D64E05C027DF1BCC5546 /* [CP] Check Pods Manifest.lock */ = {
			isa = PBXShellScriptBuildPhase;
			buildActionMask = 2147483647;
			files = (
			);
			inputFileListPaths = (
			);
			inputPaths = (
				"${PODS_PODFILE_DIR_PATH}/Podfile.lock",
				"${PODS_ROOT}/Manifest.lock",
			);
			name = "[CP] Check Pods Manifest.lock";
			outputFileListPaths = (
			);
			outputPaths = (
				"$(DERIVED_FILE_DIR)/Pods-TercerParcialAlfonsoVillalobosTests-checkManifestLockResult.txt",
			);
			runOnlyForDeploymentPostprocessing = 0;
			shellPath = /bin/sh;
			shellScript = "diff \"${PODS_PODFILE_DIR_PATH}/Podfile.lock\" \"${PODS_ROOT}/Manifest.lock\" > /dev/null\nif [ $? != 0 ] ; then\n    # print error to STDERR\n    echo \"error: The sandbox is not in sync with the Podfile.lock. Run 'pod install' or update your CocoaPods installation.\" >&2\n    exit 1\nfi\n# This output is used by Xcode 'outputs' to avoid re-running this script phase.\necho \"SUCCESS\" > \"${SCRIPT_OUTPUT_FILE_0}\"\n";
			showEnvVarsInLog = 0;
		};
		9EB8F55353B96D6A8AC59F60 /* [CP] Check Pods Manifest.lock */ = {
			isa = PBXShellScriptBuildPhase;
			buildActionMask = 2147483647;
			files = (
			);
			inputFileListPaths = (
			);
			inputPaths = (
				"${PODS_PODFILE_DIR_PATH}/Podfile.lock",
				"${PODS_ROOT}/Manifest.lock",
			);
			name = "[CP] Check Pods Manifest.lock";
			outputFileListPaths = (
			);
			outputPaths = (
				"$(DERIVED_FILE_DIR)/Pods-TercerParcialAlfonsoVillalobos-TercerParcialAlfonsoVillalobosUITests-checkManifestLockResult.txt",
			);
			runOnlyForDeploymentPostprocessing = 0;
			shellPath = /bin/sh;
			shellScript = "diff \"${PODS_PODFILE_DIR_PATH}/Podfile.lock\" \"${PODS_ROOT}/Manifest.lock\" > /dev/null\nif [ $? != 0 ] ; then\n    # print error to STDERR\n    echo \"error: The sandbox is not in sync with the Podfile.lock. Run 'pod install' or update your CocoaPods installation.\" >&2\n    exit 1\nfi\n# This output is used by Xcode 'outputs' to avoid re-running this script phase.\necho \"SUCCESS\" > \"${SCRIPT_OUTPUT_FILE_0}\"\n";
			showEnvVarsInLog = 0;
		};
		E9BC181D96F4A256E6426F69 /* [CP] Check Pods Manifest.lock */ = {
			isa = PBXShellScriptBuildPhase;
			buildActionMask = 2147483647;
			files = (
			);
			inputFileListPaths = (
			);
			inputPaths = (
				"${PODS_PODFILE_DIR_PATH}/Podfile.lock",
				"${PODS_ROOT}/Manifest.lock",
			);
			name = "[CP] Check Pods Manifest.lock";
			outputFileListPaths = (
			);
			outputPaths = (
				"$(DERIVED_FILE_DIR)/Pods-TercerParcialAlfonsoVillalobos-checkManifestLockResult.txt",
			);
			runOnlyForDeploymentPostprocessing = 0;
			shellPath = /bin/sh;
			shellScript = "diff \"${PODS_PODFILE_DIR_PATH}/Podfile.lock\" \"${PODS_ROOT}/Manifest.lock\" > /dev/null\nif [ $? != 0 ] ; then\n    # print error to STDERR\n    echo \"error: The sandbox is not in sync with the Podfile.lock. Run 'pod install' or update your CocoaPods installation.\" >&2\n    exit 1\nfi\n# This output is used by Xcode 'outputs' to avoid re-running this script phase.\necho \"SUCCESS\" > \"${SCRIPT_OUTPUT_FILE_0}\"\n";
			showEnvVarsInLog = 0;
		};
/* End PBXShellScriptBuildPhase section */

/* Begin PBXSourcesBuildPhase section */
		1826FCAC2464B2E400C01ED6 /* Sources */ = {
			isa = PBXSourcesBuildPhase;
			buildActionMask = 2147483647;
			files = (
				1826FCB82464B2E400C01ED6 /* ViewController.swift in Sources */,
				1826FCB42464B2E400C01ED6 /* AppDelegate.swift in Sources */,
				18ED2715246523F100511521 /* DatosViewController.swift in Sources */,
				1826FCB62464B2E400C01ED6 /* SceneDelegate.swift in Sources */,
			);
			runOnlyForDeploymentPostprocessing = 0;
		};
		1826FCC22464B2E500C01ED6 /* Sources */ = {
			isa = PBXSourcesBuildPhase;
			buildActionMask = 2147483647;
			files = (
				1826FCCB2464B2E500C01ED6 /* TercerParcialAlfonsoVillalobosTests.swift in Sources */,
			);
			runOnlyForDeploymentPostprocessing = 0;
		};
		1826FCCD2464B2E500C01ED6 /* Sources */ = {
			isa = PBXSourcesBuildPhase;
			buildActionMask = 2147483647;
			files = (
				1826FCD62464B2E500C01ED6 /* TercerParcialAlfonsoVillalobosUITests.swift in Sources */,
			);
			runOnlyForDeploymentPostprocessing = 0;
		};
/* End PBXSourcesBuildPhase section */

/* Begin PBXTargetDependency section */
		1826FCC82464B2E500C01ED6 /* PBXTargetDependency */ = {
			isa = PBXTargetDependency;
			target = 1826FCAF2464B2E400C01ED6 /* TercerParcialAlfonsoVillalobos */;
			targetProxy = 1826FCC72464B2E500C01ED6 /* PBXContainerItemProxy */;
		};
		1826FCD32464B2E500C01ED6 /* PBXTargetDependency */ = {
			isa = PBXTargetDependency;
			target = 1826FCAF2464B2E400C01ED6 /* TercerParcialAlfonsoVillalobos */;
			targetProxy = 1826FCD22464B2E500C01ED6 /* PBXContainerItemProxy */;
		};
/* End PBXTargetDependency section */

/* Begin PBXVariantGroup section */
		1826FCB92464B2E400C01ED6 /* Main.storyboard */ = {
			isa = PBXVariantGroup;
			children = (
				1826FCBA2464B2E400C01ED6 /* Base */,
			);
			name = Main.storyboard;
			sourceTree = "<group>";
		};
		1826FCBE2464B2E500C01ED6 /* LaunchScreen.storyboard */ = {
			isa = PBXVariantGroup;
			children = (
				1826FCBF2464B2E500C01ED6 /* Base */,
			);
			name = LaunchScreen.storyboard;
			sourceTree = "<group>";
		};
/* End PBXVariantGroup section */

/* Begin XCBuildConfiguration section */
		1826FCD82464B2E500C01ED6 /* Debug */ = {
			isa = XCBuildConfiguration;
			buildSettings = {
				ALWAYS_SEARCH_USER_PATHS = NO;
				CLANG_ANALYZER_NONNULL = YES;
				CLANG_ANALYZER_NUMBER_OBJECT_CONVERSION = YES_AGGRESSIVE;
				CLANG_CXX_LANGUAGE_STANDARD = "gnu++14";
				CLANG_CXX_LIBRARY = "libc++";
				CLANG_ENABLE_MODULES = YES;
				CLANG_ENABLE_OBJC_ARC = YES;
				CLANG_ENABLE_OBJC_WEAK = YES;
				CLANG_WARN_BLOCK_CAPTURE_AUTORELEASING = YES;
				CLANG_WARN_BOOL_CONVERSION = YES;
				CLANG_WARN_COMMA = YES;
				CLANG_WARN_CONSTANT_CONVERSION = YES;
				CLANG_WARN_DEPRECATED_OBJC_IMPLEMENTATIONS = YES;
				CLANG_WARN_DIRECT_OBJC_ISA_USAGE = YES_ERROR;
				CLANG_WARN_DOCUMENTATION_COMMENTS = YES;
				CLANG_WARN_EMPTY_BODY = YES;
				CLANG_WARN_ENUM_CONVERSION = YES;
				CLANG_WARN_INFINITE_RECURSION = YES;
				CLANG_WARN_INT_CONVERSION = YES;
				CLANG_WARN_NON_LITERAL_NULL_CONVERSION = YES;
				CLANG_WARN_OBJC_IMPLICIT_RETAIN_SELF = YES;
				CLANG_WARN_OBJC_LITERAL_CONVERSION = YES;
				CLANG_WARN_OBJC_ROOT_CLASS = YES_ERROR;
				CLANG_WARN_RANGE_LOOP_ANALYSIS = YES;
				CLANG_WARN_STRICT_PROTOTYPES = YES;
				CLANG_WARN_SUSPICIOUS_MOVE = YES;
				CLANG_WARN_UNGUARDED_AVAILABILITY = YES_AGGRESSIVE;
				CLANG_WARN_UNREACHABLE_CODE = YES;
				CLANG_WARN__DUPLICATE_METHOD_MATCH = YES;
				COPY_PHASE_STRIP = NO;
				DEBUG_INFORMATION_FORMAT = dwarf;
				ENABLE_STRICT_OBJC_MSGSEND = YES;
				ENABLE_TESTABILITY = YES;
				GCC_C_LANGUAGE_STANDARD = gnu11;
				GCC_DYNAMIC_NO_PIC = NO;
				GCC_NO_COMMON_BLOCKS = YES;
				GCC_OPTIMIZATION_LEVEL = 0;
				GCC_PREPROCESSOR_DEFINITIONS = (
					"DEBUG=1",
					"$(inherited)",
				);
				GCC_WARN_64_TO_32_BIT_CONVERSION = YES;
				GCC_WARN_ABOUT_RETURN_TYPE = YES_ERROR;
				GCC_WARN_UNDECLARED_SELECTOR = YES;
				GCC_WARN_UNINITIALIZED_AUTOS = YES_AGGRESSIVE;
				GCC_WARN_UNUSED_FUNCTION = YES;
				GCC_WARN_UNUSED_VARIABLE = YES;
				IPHONEOS_DEPLOYMENT_TARGET = 13.4;
				MTL_ENABLE_DEBUG_INFO = INCLUDE_SOURCE;
				MTL_FAST_MATH = YES;
				ONLY_ACTIVE_ARCH = YES;
				SDKROOT = iphoneos;
				SWIFT_ACTIVE_COMPILATION_CONDITIONS = DEBUG;
				SWIFT_OPTIMIZATION_LEVEL = "-Onone";
			};
			name = Debug;
		};
		1826FCD92464B2E500C01ED6 /* Release */ = {
			isa = XCBuildConfiguration;
			buildSettings = {
				ALWAYS_SEARCH_USER_PATHS = NO;
				CLANG_ANALYZER_NONNULL = YES;
				CLANG_ANALYZER_NUMBER_OBJECT_CONVERSION = YES_AGGRESSIVE;
				CLANG_CXX_LANGUAGE_STANDARD = "gnu++14";
				CLANG_CXX_LIBRARY = "libc++";
				CLANG_ENABLE_MODULES = YES;
				CLANG_ENABLE_OBJC_ARC = YES;
				CLANG_ENABLE_OBJC_WEAK = YES;
				CLANG_WARN_BLOCK_CAPTURE_AUTORELEASING = YES;
				CLANG_WARN_BOOL_CONVERSION = YES;
				CLANG_WARN_COMMA = YES;
				CLANG_WARN_CONSTANT_CONVERSION = YES;
				CLANG_WARN_DEPRECATED_OBJC_IMPLEMENTATIONS = YES;
				CLANG_WARN_DIRECT_OBJC_ISA_USAGE = YES_ERROR;
				CLANG_WARN_DOCUMENTATION_COMMENTS = YES;
				CLANG_WARN_EMPTY_BODY = YES;
				CLANG_WARN_ENUM_CONVERSION = YES;
				CLANG_WARN_INFINITE_RECURSION = YES;
				CLANG_WARN_INT_CONVERSION = YES;
				CLANG_WARN_NON_LITERAL_NULL_CONVERSION = YES;
				CLANG_WARN_OBJC_IMPLICIT_RETAIN_SELF = YES;
				CLANG_WARN_OBJC_LITERAL_CONVERSION = YES;
				CLANG_WARN_OBJC_ROOT_CLASS = YES_ERROR;
				CLANG_WARN_RANGE_LOOP_ANALYSIS = YES;
				CLANG_WARN_STRICT_PROTOTYPES = YES;
				CLANG_WARN_SUSPICIOUS_MOVE = YES;
				CLANG_WARN_UNGUARDED_AVAILABILITY = YES_AGGRESSIVE;
				CLANG_WARN_UNREACHABLE_CODE = YES;
				CLANG_WARN__DUPLICATE_METHOD_MATCH = YES;
				COPY_PHASE_STRIP = NO;
				DEBUG_INFORMATION_FORMAT = "dwarf-with-dsym";
				ENABLE_NS_ASSERTIONS = NO;
				ENABLE_STRICT_OBJC_MSGSEND = YES;
				GCC_C_LANGUAGE_STANDARD = gnu11;
				GCC_NO_COMMON_BLOCKS = YES;
				GCC_WARN_64_TO_32_BIT_CONVERSION = YES;
				GCC_WARN_ABOUT_RETURN_TYPE = YES_ERROR;
				GCC_WARN_UNDECLARED_SELECTOR = YES;
				GCC_WARN_UNINITIALIZED_AUTOS = YES_AGGRESSIVE;
				GCC_WARN_UNUSED_FUNCTION = YES;
				GCC_WARN_UNUSED_VARIABLE = YES;
				IPHONEOS_DEPLOYMENT_TARGET = 13.4;
				MTL_ENABLE_DEBUG_INFO = NO;
				MTL_FAST_MATH = YES;
				SDKROOT = iphoneos;
				SWIFT_COMPILATION_MODE = wholemodule;
				SWIFT_OPTIMIZATION_LEVEL = "-O";
				VALIDATE_PRODUCT = YES;
			};
			name = Release;
		};
		1826FCDB2464B2E500C01ED6 /* Debug */ = {
			isa = XCBuildConfiguration;
			baseConfigurationReference = F02624545C5106B6CA953103 /* Pods-TercerParcialAlfonsoVillalobos.debug.xcconfig */;
			buildSettings = {
				ASSETCATALOG_COMPILER_APPICON_NAME = AppIcon;
				CODE_SIGN_STYLE = Automatic;
				DEVELOPMENT_TEAM = 69L35VH9Q7;
				INFOPLIST_FILE = TercerParcialAlfonsoVillalobos/Info.plist;
				LD_RUNPATH_SEARCH_PATHS = (
					"$(inherited)",
					"@executable_path/Frameworks",
				);
				PRODUCT_BUNDLE_IDENTIFIER = co..TercerParcialAlfonsoVillalobos;
				PRODUCT_NAME = "$(TARGET_NAME)";
				SWIFT_VERSION = 5.0;
				TARGETED_DEVICE_FAMILY = "1,2";
			};
			name = Debug;
		};
		1826FCDC2464B2E500C01ED6 /* Release */ = {
			isa = XCBuildConfiguration;
			baseConfigurationReference = 153D9320A850F40885B4D493 /* Pods-TercerParcialAlfonsoVillalobos.release.xcconfig */;
			buildSettings = {
				ASSETCATALOG_COMPILER_APPICON_NAME = AppIcon;
				CODE_SIGN_STYLE = Automatic;
				DEVELOPMENT_TEAM = 69L35VH9Q7;
				INFOPLIST_FILE = TercerParcialAlfonsoVillalobos/Info.plist;
				LD_RUNPATH_SEARCH_PATHS = (
					"$(inherited)",
					"@executable_path/Frameworks",
				);
				PRODUCT_BUNDLE_IDENTIFIER = co..TercerParcialAlfonsoVillalobos;
				PRODUCT_NAME = "$(TARGET_NAME)";
				SWIFT_VERSION = 5.0;
				TARGETED_DEVICE_FAMILY = "1,2";
			};
			name = Release;
		};
		1826FCDE2464B2E500C01ED6 /* Debug */ = {
			isa = XCBuildConfiguration;
			baseConfigurationReference = A9CAE44B84FEDED8A489B23A /* Pods-TercerParcialAlfonsoVillalobosTests.debug.xcconfig */;
			buildSettings = {
				ALWAYS_EMBED_SWIFT_STANDARD_LIBRARIES = YES;
				BUNDLE_LOADER = "$(TEST_HOST)";
				CODE_SIGN_STYLE = Automatic;
				DEVELOPMENT_TEAM = 69L35VH9Q7;
				INFOPLIST_FILE = TercerParcialAlfonsoVillalobosTests/Info.plist;
				IPHONEOS_DEPLOYMENT_TARGET = 13.4;
				LD_RUNPATH_SEARCH_PATHS = (
					"$(inherited)",
					"@executable_path/Frameworks",
					"@loader_path/Frameworks",
				);
				PRODUCT_BUNDLE_IDENTIFIER = co..TercerParcialAlfonsoVillalobosTests;
				PRODUCT_NAME = "$(TARGET_NAME)";
				SWIFT_VERSION = 5.0;
				TARGETED_DEVICE_FAMILY = "1,2";
				TEST_HOST = "$(BUILT_PRODUCTS_DIR)/TercerParcialAlfonsoVillalobos.app/TercerParcialAlfonsoVillalobos";
			};
			name = Debug;
		};
		1826FCDF2464B2E500C01ED6 /* Release */ = {
			isa = XCBuildConfiguration;
			baseConfigurationReference = 28440ABCADABC731D1CF0734 /* Pods-TercerParcialAlfonsoVillalobosTests.release.xcconfig */;
			buildSettings = {
				ALWAYS_EMBED_SWIFT_STANDARD_LIBRARIES = YES;
				BUNDLE_LOADER = "$(TEST_HOST)";
				CODE_SIGN_STYLE = Automatic;
				DEVELOPMENT_TEAM = 69L35VH9Q7;
				INFOPLIST_FILE = TercerParcialAlfonsoVillalobosTests/Info.plist;
				IPHONEOS_DEPLOYMENT_TARGET = 13.4;
				LD_RUNPATH_SEARCH_PATHS = (
					"$(inherited)",
					"@executable_path/Frameworks",
					"@loader_path/Frameworks",
				);
				PRODUCT_BUNDLE_IDENTIFIER = co..TercerParcialAlfonsoVillalobosTests;
				PRODUCT_NAME = "$(TARGET_NAME)";
				SWIFT_VERSION = 5.0;
				TARGETED_DEVICE_FAMILY = "1,2";
				TEST_HOST = "$(BUILT_PRODUCTS_DIR)/TercerParcialAlfonsoVillalobos.app/TercerParcialAlfonsoVillalobos";
			};
			name = Release;
		};
		1826FCE12464B2E500C01ED6 /* Debug */ = {
			isa = XCBuildConfiguration;
			baseConfigurationReference = 635D95196CDC6671B9523B29 /* Pods-TercerParcialAlfonsoVillalobos-TercerParcialAlfonsoVillalobosUITests.debug.xcconfig */;
			buildSettings = {
				ALWAYS_EMBED_SWIFT_STANDARD_LIBRARIES = YES;
				CODE_SIGN_STYLE = Automatic;
				DEVELOPMENT_TEAM = 69L35VH9Q7;
				INFOPLIST_FILE = TercerParcialAlfonsoVillalobosUITests/Info.plist;
				LD_RUNPATH_SEARCH_PATHS = (
					"$(inherited)",
					"@executable_path/Frameworks",
					"@loader_path/Frameworks",
				);
				PRODUCT_BUNDLE_IDENTIFIER = co..TercerParcialAlfonsoVillalobosUITests;
				PRODUCT_NAME = "$(TARGET_NAME)";
				SWIFT_VERSION = 5.0;
				TARGETED_DEVICE_FAMILY = "1,2";
				TEST_TARGET_NAME = TercerParcialAlfonsoVillalobos;
			};
			name = Debug;
		};
		1826FCE22464B2E500C01ED6 /* Release */ = {
			isa = XCBuildConfiguration;
			baseConfigurationReference = 5C6D95D3D2514C192AB1BAD5 /* Pods-TercerParcialAlfonsoVillalobos-TercerParcialAlfonsoVillalobosUITests.release.xcconfig */;
			buildSettings = {
				ALWAYS_EMBED_SWIFT_STANDARD_LIBRARIES = YES;
				CODE_SIGN_STYLE = Automatic;
				DEVELOPMENT_TEAM = 69L35VH9Q7;
				INFOPLIST_FILE = TercerParcialAlfonsoVillalobosUITests/Info.plist;
				LD_RUNPATH_SEARCH_PATHS = (
					"$(inherited)",
					"@executable_path/Frameworks",
					"@loader_path/Frameworks",
				);
				PRODUCT_BUNDLE_IDENTIFIER = co..TercerParcialAlfonsoVillalobosUITests;
				PRODUCT_NAME = "$(TARGET_NAME)";
				SWIFT_VERSION = 5.0;
				TARGETED_DEVICE_FAMILY = "1,2";
				TEST_TARGET_NAME = TercerParcialAlfonsoVillalobos;
			};
			name = Release;
		};
/* End XCBuildConfiguration section */

/* Begin XCConfigurationList section */
		1826FCAB2464B2E400C01ED6 /* Build configuration list for PBXProject "TercerParcialAlfonsoVillalobos" */ = {
			isa = XCConfigurationList;
			buildConfigurations = (
				1826FCD82464B2E500C01ED6 /* Debug */,
				1826FCD92464B2E500C01ED6 /* Release */,
			);
			defaultConfigurationIsVisible = 0;
			defaultConfigurationName = Release;
		};
		1826FCDA2464B2E500C01ED6 /* Build configuration list for PBXNativeTarget "TercerParcialAlfonsoVillalobos" */ = {
			isa = XCConfigurationList;
			buildConfigurations = (
				1826FCDB2464B2E500C01ED6 /* Debug */,
				1826FCDC2464B2E500C01ED6 /* Release */,
			);
			defaultConfigurationIsVisible = 0;
			defaultConfigurationName = Release;
		};
		1826FCDD2464B2E500C01ED6 /* Build configuration list for PBXNativeTarget "TercerParcialAlfonsoVillalobosTests" */ = {
			isa = XCConfigurationList;
			buildConfigurations = (
				1826FCDE2464B2E500C01ED6 /* Debug */,
				1826FCDF2464B2E500C01ED6 /* Release */,
			);
			defaultConfigurationIsVisible = 0;
			defaultConfigurationName = Release;
		};
		1826FCE02464B2E500C01ED6 /* Build configuration list for PBXNativeTarget "TercerParcialAlfonsoVillalobosUITests" */ = {
			isa = XCConfigurationList;
			buildConfigurations = (
				1826FCE12464B2E500C01ED6 /* Debug */,
				1826FCE22464B2E500C01ED6 /* Release */,
			);
			defaultConfigurationIsVisible = 0;
			defaultConfigurationName = Release;
		};
/* End XCConfigurationList section */
	};
	rootObject = 1826FCA82464B2E400C01ED6 /* Project object */;
}
